
Microsoft Visual Studio Solution File, Format Version 12.00
# Visual Studio Version 17
VisualStudioVersion = 17.0.31903.59
MinimumVisualStudioVersion = 10.0.40219.1
Project("{2150E333-8FDC-42A3-9474-1A3956D46DE8}") = "src", "src", "{02EA681E-C7D8-13C7-8484-4AC65E1B71E8}"
EndProject
Project("{2150E333-8FDC-42A3-9474-1A3956D46DE8}") = "tests", "tests", "{8C2566EA-F4F5-4F0C-BCD0-766CEF3BF208}"
EndProject
Project("{2150E333-8FDC-42A3-9474-1A3956D46DE8}") = "API", "API", "{593B101C-3B32-43BA-B237-98119FB046C8}"
EndProject
Project("{2150E333-8FDC-42A3-9474-1A3956D46DE8}") = "Domain", "Domain", "{C253F6FA-78CB-4C71-8BAF-FD2CB768631A}"
EndProject
Project("{2150E333-8FDC-42A3-9474-1A3956D46DE8}") = "Infrastructure", "Infrastructure", "{CA571672-61F2-42B1-B5AC-695B5BD0B126}"
EndProject
Project("{2150E333-8FDC-42A3-9474-1A3956D46DE8}") = "Application", "Application", "{492C717F-D3B5-4B09-8309-78F5EFC7C5B5}"
EndProject
Project("{FAE04EC0-301F-11D3-BF4B-00C04F79EFBC}") = "Books.API", "src\API\Books.API\Books.API.csproj", "{09D0B46D-78F9-40B9-A039-DE5775D0638E}"
EndProject
Project("{FAE04EC0-301F-11D3-BF4B-00C04F79EFBC}") = "Books.Application", "src\Application\Books.Application\Books.Application.csproj", "{2145697A-7A7A-4C09-B4E7-DED35EBE1B63}"
EndProject
Project("{FAE04EC0-301F-11D3-BF4B-00C04F79EFBC}") = "Books.Domain", "src\Domain\Books.Domain\Books.Domain.csproj", "{CF6621A7-9437-43A8-B5ED-54BB168ED806}"
EndProject
Project("{FAE04EC0-301F-11D3-BF4B-00C04F79EFBC}") = "Books.Infrastructure", "src\Infrastructure\Books.Infrastructure\Books.Infrastructure.csproj", "{66499E6E-8907-43E2-9B06-1D22A4599D71}"
EndProject
Project("{FAE04EC0-301F-11D3-BF4B-00C04F79EFBC}") = "Books.Domain.Tests", "tests\Books.Domain.Tests\Books.Domain.Tests.csproj", "{46CBF461-ECE6-4A40-8049-A1EFD3CCE0EE}"
EndProject
Project("{FAE04EC0-301F-11D3-BF4B-00C04F79EFBC}") = "Books.Application.Tests", "tests\Books.Application.Tests\Books.Application.Tests.csproj", "{6EB8A1D0-E639-44EB-B395-5AF441417A2D}"
EndProject
Project("{E53339B2-1760-4266-BCC7-CA923CBCF16C}") = "docker-compose", "docker-compose.dcproj", "{81DDED9D-158B-E303-5F62-77A2896D2A5A}"
EndProject
Global
	GlobalSection(SolutionConfigurationPlatforms) = preSolution
		Debug|Any CPU = Debug|Any CPU
		Release|Any CPU = Release|Any CPU
	EndGlobalSection
	GlobalSection(ProjectConfigurationPlatforms) = postSolution
		{09D0B46D-78F9-40B9-A039-DE5775D0638E}.Debug|Any CPU.ActiveCfg = Debug|Any CPU
		{09D0B46D-78F9-40B9-A039-DE5775D0638E}.Debug|Any CPU.Build.0 = Debug|Any CPU
		{09D0B46D-78F9-40B9-A039-DE5775D0638E}.Release|Any CPU.ActiveCfg = Release|Any CPU
		{09D0B46D-78F9-40B9-A039-DE5775D0638E}.Release|Any CPU.Build.0 = Release|Any CPU
		{2145697A-7A7A-4C09-B4E7-DED35EBE1B63}.Debug|Any CPU.ActiveCfg = Debug|Any CPU
		{2145697A-7A7A-4C09-B4E7-DED35EBE1B63}.Debug|Any CPU.Build.0 = Debug|Any CPU
		{2145697A-7A7A-4C09-B4E7-DED35EBE1B63}.Release|Any CPU.ActiveCfg = Release|Any CPU
		{2145697A-7A7A-4C09-B4E7-DED35EBE1B63}.Release|Any CPU.Build.0 = Release|Any CPU
		{CF6621A7-9437-43A8-B5ED-54BB168ED806}.Debug|Any CPU.ActiveCfg = Debug|Any CPU
		{CF6621A7-9437-43A8-B5ED-54BB168ED806}.Debug|Any CPU.Build.0 = Debug|Any CPU
		{CF6621A7-9437-43A8-B5ED-54BB168ED806}.Release|Any CPU.ActiveCfg = Release|Any CPU
		{CF6621A7-9437-43A8-B5ED-54BB168ED806}.Release|Any CPU.Build.0 = Release|Any CPU
		{66499E6E-8907-43E2-9B06-1D22A4599D71}.Debug|Any CPU.ActiveCfg = Debug|Any CPU
		{66499E6E-8907-43E2-9B06-1D22A4599D71}.Debug|Any CPU.Build.0 = Debug|Any CPU
		{66499E6E-8907-43E2-9B06-1D22A4599D71}.Release|Any CPU.ActiveCfg = Release|Any CPU
		{66499E6E-8907-43E2-9B06-1D22A4599D71}.Release|Any CPU.Build.0 = Release|Any CPU
		{46CBF461-ECE6-4A40-8049-A1EFD3CCE0EE}.Debug|Any CPU.ActiveCfg = Debug|Any CPU
		{46CBF461-ECE6-4A40-8049-A1EFD3CCE0EE}.Debug|Any CPU.Build.0 = Debug|Any CPU
		{46CBF461-ECE6-4A40-8049-A1EFD3CCE0EE}.Release|Any CPU.ActiveCfg = Release|Any CPU
		{46CBF461-ECE6-4A40-8049-A1EFD3CCE0EE}.Release|Any CPU.Build.0 = Release|Any CPU
		{6EB8A1D0-E639-44EB-B395-5AF441417A2D}.Debug|Any CPU.ActiveCfg = Debug|Any CPU
		{6EB8A1D0-E639-44EB-B395-5AF441417A2D}.Debug|Any CPU.Build.0 = Debug|Any CPU
		{6EB8A1D0-E639-44EB-B395-5AF441417A2D}.Release|Any CPU.ActiveCfg = Release|Any CPU
		{6EB8A1D0-E639-44EB-B395-5AF441417A2D}.Release|Any CPU.Build.0 = Release|Any CPU
		{81DDED9D-158B-E303-5F62-77A2896D2A5A}.Debug|Any CPU.ActiveCfg = Debug|Any CPU
		{81DDED9D-158B-E303-5F62-77A2896D2A5A}.Debug|Any CPU.Build.0 = Debug|Any CPU
		{81DDED9D-158B-E303-5F62-77A2896D2A5A}.Release|Any CPU.ActiveCfg = Release|Any CPU
		{81DDED9D-158B-E303-5F62-77A2896D2A5A}.Release|Any CPU.Build.0 = Release|Any CPU
	EndGlobalSection
	GlobalSection(SolutionProperties) = preSolution
		HideSolutionNode = FALSE
	EndGlobalSection
	GlobalSection(NestedProjects) = preSolution
		{593B101C-3B32-43BA-B237-98119FB046C8} = {02EA681E-C7D8-13C7-8484-4AC65E1B71E8}
		{C253F6FA-78CB-4C71-8BAF-FD2CB768631A} = {02EA681E-C7D8-13C7-8484-4AC65E1B71E8}
		{CA571672-61F2-42B1-B5AC-695B5BD0B126} = {02EA681E-C7D8-13C7-8484-4AC65E1B71E8}
		{492C717F-D3B5-4B09-8309-78F5EFC7C5B5} = {02EA681E-C7D8-13C7-8484-4AC65E1B71E8}
		{09D0B46D-78F9-40B9-A039-DE5775D0638E} = {593B101C-3B32-43BA-B237-98119FB046C8}
		{2145697A-7A7A-4C09-B4E7-DED35EBE1B63} = {492C717F-D3B5-4B09-8309-78F5EFC7C5B5}
		{CF6621A7-9437-43A8-B5ED-54BB168ED806} = {C253F6FA-78CB-4C71-8BAF-FD2CB768631A}
		{66499E6E-8907-43E2-9B06-1D22A4599D71} = {CA571672-61F2-42B1-B5AC-695B5BD0B126}
		{46CBF461-ECE6-4A40-8049-A1EFD3CCE0EE} = {8C2566EA-F4F5-4F0C-BCD0-766CEF3BF208}
		{6EB8A1D0-E639-44EB-B395-5AF441417A2D} = {8C2566EA-F4F5-4F0C-BCD0-766CEF3BF208}
	EndGlobalSection
	GlobalSection(ExtensibilityGlobals) = postSolution
		SolutionGuid = {0D1CAFC0-A01F-4959-9786-0EDD042014C8}
	EndGlobalSection
EndGlobal
